
Microsoft Visual Studio Solution File, Format Version 12.00
# Visual Studio Version 16
VisualStudioVersion = 16.0.30907.101
MinimumVisualStudioVersion = 10.0.40219.1
Project("{9A19103F-16F7-4668-BE54-9A1E7A4F7556}") = "Entities", "Entities\Entities.csproj", "{B437B1B5-0D7D-4E0E-A265-1E755AA74E89}"
EndProject
Project("{9A19103F-16F7-4668-BE54-9A1E7A4F7556}") = "DataAccess", "DataAccess\DataAccess.csproj", "{619671E6-4DEC-4097-98BA-BE445B8D49B1}"
EndProject
Project("{9A19103F-16F7-4668-BE54-9A1E7A4F7556}") = "Business", "Business\Business.csproj", "{1A7AFC07-CBB8-4024-A08C-DE7284F5D69F}"
EndProject
Project("{9A19103F-16F7-4668-BE54-9A1E7A4F7556}") = "ConsoleUI", "ConsoleUI\ConsoleUI.csproj", "{DF3A98EC-F99C-4F94-95B2-CD7F13DCA623}"
EndProject
Project("{9A19103F-16F7-4668-BE54-9A1E7A4F7556}") = "Core", "Core\Core.csproj", "{07560F7F-3B0B-4DC0-AC57-F59C7CD07670}"
EndProject
Project("{9A19103F-16F7-4668-BE54-9A1E7A4F7556}") = "WebAPI", "WebAPI\WebAPI.csproj", "{CE40FE92-A0AE-49BA-9A8E-042ED0133575}"
EndProject
Global
	GlobalSection(SolutionConfigurationPlatforms) = preSolution
		Debug|Any CPU = Debug|Any CPU
		Release|Any CPU = Release|Any CPU
	EndGlobalSection
	GlobalSection(ProjectConfigurationPlatforms) = postSolution
		{B437B1B5-0D7D-4E0E-A265-1E755AA74E89}.Debug|Any CPU.ActiveCfg = Debug|Any CPU
		{B437B1B5-0D7D-4E0E-A265-1E755AA74E89}.Debug|Any CPU.Build.0 = Debug|Any CPU
		{B437B1B5-0D7D-4E0E-A265-1E755AA74E89}.Release|Any CPU.ActiveCfg = Release|Any CPU
		{B437B1B5-0D7D-4E0E-A265-1E755AA74E89}.Release|Any CPU.Build.0 = Release|Any CPU
		{619671E6-4DEC-4097-98BA-BE445B8D49B1}.Debug|Any CPU.ActiveCfg = Debug|Any CPU
		{619671E6-4DEC-4097-98BA-BE445B8D49B1}.Debug|Any CPU.Build.0 = Debug|Any CPU
		{619671E6-4DEC-4097-98BA-BE445B8D49B1}.Release|Any CPU.ActiveCfg = Release|Any CPU
		{619671E6-4DEC-4097-98BA-BE445B8D49B1}.Release|Any CPU.Build.0 = Release|Any CPU
		{1A7AFC07-CBB8-4024-A08C-DE7284F5D69F}.Debug|Any CPU.ActiveCfg = Debug|Any CPU
		{1A7AFC07-CBB8-4024-A08C-DE7284F5D69F}.Debug|Any CPU.Build.0 = Debug|Any CPU
		{1A7AFC07-CBB8-4024-A08C-DE7284F5D69F}.Release|Any CPU.ActiveCfg = Release|Any CPU
		{1A7AFC07-CBB8-4024-A08C-DE7284F5D69F}.Release|Any CPU.Build.0 = Release|Any CPU
		{DF3A98EC-F99C-4F94-95B2-CD7F13DCA623}.Debug|Any CPU.ActiveCfg = Debug|Any CPU
		{DF3A98EC-F99C-4F94-95B2-CD7F13DCA623}.Debug|Any CPU.Build.0 = Debug|Any CPU
		{DF3A98EC-F99C-4F94-95B2-CD7F13DCA623}.Release|Any CPU.ActiveCfg = Release|Any CPU
		{DF3A98EC-F99C-4F94-95B2-CD7F13DCA623}.Release|Any CPU.Build.0 = Release|Any CPU
		{07560F7F-3B0B-4DC0-AC57-F59C7CD07670}.Debug|Any CPU.ActiveCfg = Debug|Any CPU
		{07560F7F-3B0B-4DC0-AC57-F59C7CD07670}.Debug|Any CPU.Build.0 = Debug|Any CPU
		{07560F7F-3B0B-4DC0-AC57-F59C7CD07670}.Release|Any CPU.ActiveCfg = Release|Any CPU
		{07560F7F-3B0B-4DC0-AC57-F59C7CD07670}.Release|Any CPU.Build.0 = Release|Any CPU
		{CE40FE92-A0AE-49BA-9A8E-042ED0133575}.Debug|Any CPU.ActiveCfg = Debug|Any CPU
		{CE40FE92-A0AE-49BA-9A8E-042ED0133575}.Debug|Any CPU.Build.0 = Debug|Any CPU
		{CE40FE92-A0AE-49BA-9A8E-042ED0133575}.Release|Any CPU.ActiveCfg = Release|Any CPU
		{CE40FE92-A0AE-49BA-9A8E-042ED0133575}.Release|Any CPU.Build.0 = Release|Any CPU
	EndGlobalSection
	GlobalSection(SolutionProperties) = preSolution
		HideSolutionNode = FALSE
	EndGlobalSection
	GlobalSection(ExtensibilityGlobals) = postSolution
		SolutionGuid = {C32BC61F-9920-43F4-B423-DF2ACBB58422}
	EndGlobalSection
EndGlobal
